
Microsoft Visual Studio Solution File, Format Version 12.00
# Visual Studio Version 17
VisualStudioVersion = 17.1.32210.238
MinimumVisualStudioVersion = 10.0.40219.1
Project("{FAE04EC0-301F-11D3-BF4B-00C04F79EFBC}") = "ConsoleFramework", "ConsoleFramework\ConsoleFramework.csproj", "{9F485654-82A8-4AA3-ACA6-5922BC97AB76}"
EndProject
Global
	GlobalSection(SolutionConfigurationPlatforms) = preSolution
		Debug|Any CPU = Debug|Any CPU
		Release|Any CPU = Release|Any CPU
	EndGlobalSection
	GlobalSection(ProjectConfigurationPlatforms) = postSolution
		{9F485654-82A8-4AA3-ACA6-5922BC97AB76}.Debug|Any CPU.ActiveCfg = Debug|Any CPU
		{9F485654-82A8-4AA3-ACA6-5922BC97AB76}.Debug|Any CPU.Build.0 = Debug|Any CPU
		{9F485654-82A8-4AA3-ACA6-5922BC97AB76}.Release|Any CPU.ActiveCfg = Release|Any CPU
		{9F485654-82A8-4AA3-ACA6-5922BC97AB76}.Release|Any CPU.Build.0 = Release|Any CPU
	EndGlobalSection
	GlobalSection(SolutionProperties) = preSolution
		HideSolutionNode = FALSE
	EndGlobalSection
	GlobalSection(ExtensibilityGlobals) = postSolution
		SolutionGuid = {65086163-A549-488A-926C-2DACF0AE72BC}
	EndGlobalSection
EndGlobal
